{
  "name": "opencode-sessions",
  "version": "1.0.0",
  "lockfileVersion": 3,
  "requires": true,
  "packages": {
    "": {
      "name": "opencode-sessions",
      "version": "1.0.0",
      "license": "MIT",
      "dependencies": {
        "@opencode-ai/sdk": "^1.1.48",
        "gray-matter": "^4.0.3"
      },
      "devDependencies": {
        "@opencode-ai/plugin": "^1.1.41",
        "@types/bun": "^1.3.0",
        "bun-types": "^1.3.0",
        "typescript": "^5.9.3"
      },
      "engines": {
        "node": ">=20.0.0"
      },
      "peerDependencies": {
        "@opencode-ai/plugin": "^1.1.48"
      }
    },
    "node_modules/@opencode-ai/plugin": {
      "version": "1.1.41",
      "resolved": "https://registry.npmjs.org/@opencode-ai/plugin/-/plugin-1.1.41.tgz",
      "integrity": "sha512-zpp/3gFrhIzpTFuTgdbu332INaBD8UaS2P2Uqn8QhYlzkLmpptIaGe+W+mTpZhtmsLOeo5XQmLwfcCdMTLMheA==",
      "dev": true,
      "license": "MIT",
      "dependencies": {
        "@opencode-ai/sdk": "1.1.41",
        "zod": "4.1.8"
      }
    },
    "node_modules/@opencode-ai/plugin/node_modules/@opencode-ai/sdk": {
      "version": "1.1.41",
      "resolved": "https://registry.npmjs.org/@opencode-ai/sdk/-/sdk-1.1.41.tgz",
      "integrity": "sha512-RXTyLl/2O/TM3Oag6JtGHVbK+SKb123szFm6JhvFuF1KCe4+86zjIjISYsaMKzgrd/fnkG0KEKUQxP8Y6xfrVw==",
      "dev": true,
      "license": "MIT"
    },
    "node_modules/@opencode-ai/sdk": {
      "version": "1.1.48",
      "resolved": "https://registry.npmjs.org/@opencode-ai/sdk/-/sdk-1.1.48.tgz",
      "integrity": "sha512-j5/79X45fUPWVD2Ffm/qvwLclDCdPeV+TYMDrm9to0p4pmzhmeKevCsyiRdLg0o0HE3AFRUnOo2rdO9NetN79A==",
      "license": "MIT"
    },
    "node_modules/@types/bun": {
      "version": "1.3.1",
      "dev": true,
      "license": "MIT",
      "dependencies": {
        "bun-types": "1.3.1"
      }
    },
    "node_modules/@types/node": {
      "version": "24.9.1",
      "dev": true,
      "license": "MIT",
      "dependencies": {
        "undici-types": "~7.16.0"
      }
    },
    "node_modules/@types/react": {
      "version": "19.2.2",
      "dev": true,
      "license": "MIT",
      "peer": true,
      "dependencies": {
        "csstype": "^3.0.2"
      }
    },
    "node_modules/argparse": {
      "version": "1.0.10",
      "license": "MIT",
      "dependencies": {
        "sprintf-js": "~1.0.2"
      }
    },
    "node_modules/bun-types": {
      "version": "1.3.1",
      "dev": true,
      "license": "MIT",
      "dependencies": {
        "@types/node": "*"
      },
      "peerDependencies": {
        "@types/react": "^19"
      }
    },
    "node_modules/csstype": {
      "version": "3.1.3",
      "dev": true,
      "license": "MIT",
      "peer": true
    },
    "node_modules/esprima": {
      "version": "4.0.1",
      "license": "BSD-2-Clause",
      "bin": {
        "esparse": "bin/esparse.js",
        "esvalidate": "bin/esvalidate.js"
      },
      "engines": {
        "node": ">=4"
      }
    },
    "node_modules/extend-shallow": {
      "version": "2.0.1",
      "license": "MIT",
      "dependencies": {
        "is-extendable": "^0.1.0"
      },
      "engines": {
        "node": ">=0.10.0"
      }
    },
    "node_modules/gray-matter": {
      "version": "4.0.3",
      "license": "MIT",
      "dependencies": {
        "js-yaml": "^3.13.1",
        "kind-of": "^6.0.2",
        "section-matter": "^1.0.0",
        "strip-bom-string": "^1.0.0"
      },
      "engines": {
        "node": ">=6.0"
      }
    },
    "node_modules/is-extendable": {
      "version": "0.1.1",
      "license": "MIT",
      "engines": {
        "node": ">=0.10.0"
      }
    },
    "node_modules/js-yaml": {
      "version": "3.14.1",
      "license": "MIT",
      "dependencies": {
        "argparse": "^1.0.7",
        "esprima": "^4.0.0"
      },
      "bin": {
        "js-yaml": "bin/js-yaml.js"
      }
    },
    "node_modules/kind-of": {
      "version": "6.0.3",
      "license": "MIT",
      "engines": {
        "node": ">=0.10.0"
      }
    },
    "node_modules/section-matter": {
      "version": "1.0.0",
      "license": "MIT",
      "dependencies": {
        "extend-shallow": "^2.0.1",
        "kind-of": "^6.0.0"
      },
      "engines": {
        "node": ">=4"
      }
    },
    "node_modules/sprintf-js": {
      "version": "1.0.3",
      "license": "BSD-3-Clause"
    },
    "node_modules/strip-bom-string": {
      "version": "1.0.0",
      "license": "MIT",
      "engines": {
        "node": ">=0.10.0"
      }
    },
    "node_modules/typescript": {
      "version": "5.9.3",
      "dev": true,
      "license": "Apache-2.0",
      "bin": {
        "tsc": "bin/tsc",
        "tsserver": "bin/tsserver"
      },
      "engines": {
        "node": ">=14.17"
      }
    },
    "node_modules/undici-types": {
      "version": "7.16.0",
      "dev": true,
      "license": "MIT"
    },
    "node_modules/zod": {
      "version": "4.1.8",
      "dev": true,
      "license": "MIT",
      "funding": {
        "url": "https://github.com/sponsors/colinhacks"
      }
    }
  }
}
